
Microsoft Visual Studio Solution File, Format Version 12.00
# Visual Studio 15
VisualStudioVersion = 15.0.28010.2036
MinimumVisualStudioVersion = 10.0.40219.1
Project("{FAE04EC0-301F-11D3-BF4B-00C04F79EFBC}") = "DownloaderSeriesWithSeasonvar.UI", "DownloaderSeriesWithSeasonvar.UI\DownloaderSeriesWithSeasonvar.UI.csproj", "{A486124A-B2B4-4D94-BF33-95C57EBD5F61}"
EndProject
Project("{FAE04EC0-301F-11D3-BF4B-00C04F79EFBC}") = "DownloaderSeriesWithSeasonvar.Core", "DownloaderSeriesWithSeasonvar.Core\DownloaderSeriesWithSeasonvar.Core.csproj", "{DCC1A7FE-D8EA-41B5-877F-078E330EF69D}"
EndProject
Global
	GlobalSection(SolutionConfigurationPlatforms) = preSolution
		Debug|Any CPU = Debug|Any CPU
		Release|Any CPU = Release|Any CPU
	EndGlobalSection
	GlobalSection(ProjectConfigurationPlatforms) = postSolution
		{A486124A-B2B4-4D94-BF33-95C57EBD5F61}.Debug|Any CPU.ActiveCfg = Debug|Any CPU
		{A486124A-B2B4-4D94-BF33-95C57EBD5F61}.Debug|Any CPU.Build.0 = Debug|Any CPU
		{A486124A-B2B4-4D94-BF33-95C57EBD5F61}.Release|Any CPU.ActiveCfg = Release|Any CPU
		{A486124A-B2B4-4D94-BF33-95C57EBD5F61}.Release|Any CPU.Build.0 = Release|Any CPU
		{DCC1A7FE-D8EA-41B5-877F-078E330EF69D}.Debug|Any CPU.ActiveCfg = Debug|Any CPU
		{DCC1A7FE-D8EA-41B5-877F-078E330EF69D}.Debug|Any CPU.Build.0 = Debug|Any CPU
		{DCC1A7FE-D8EA-41B5-877F-078E330EF69D}.Release|Any CPU.ActiveCfg = Release|Any CPU
		{DCC1A7FE-D8EA-41B5-877F-078E330EF69D}.Release|Any CPU.Build.0 = Release|Any CPU
	EndGlobalSection
	GlobalSection(SolutionProperties) = preSolution
		HideSolutionNode = FALSE
	EndGlobalSection
	GlobalSection(ExtensibilityGlobals) = postSolution
		SolutionGuid = {BDB0C099-E3E6-4BDA-8E23-6FCC7D6AD290}
	EndGlobalSection
EndGlobal
